
Microsoft Visual Studio Solution File, Format Version 12.00
# Visual Studio 15
VisualStudioVersion = 15.0.28307.1145
MinimumVisualStudioVersion = 10.0.40219.1
Project("{FAE04EC0-301F-11D3-BF4B-00C04F79EFBC}") = "Lz4Demo", "Lz4Demo\Lz4Demo.csproj", "{749B058A-AF06-4FB7-8295-59D8D134FC06}"
EndProject
Global
	GlobalSection(SolutionConfigurationPlatforms) = preSolution
		Debug|Any CPU = Debug|Any CPU
		Release|Any CPU = Release|Any CPU
	EndGlobalSection
	GlobalSection(ProjectConfigurationPlatforms) = postSolution
		{749B058A-AF06-4FB7-8295-59D8D134FC06}.Debug|Any CPU.ActiveCfg = Debug|Any CPU
		{749B058A-AF06-4FB7-8295-59D8D134FC06}.Debug|Any CPU.Build.0 = Debug|Any CPU
		{749B058A-AF06-4FB7-8295-59D8D134FC06}.Release|Any CPU.ActiveCfg = Release|Any CPU
		{749B058A-AF06-4FB7-8295-59D8D134FC06}.Release|Any CPU.Build.0 = Release|Any CPU
	EndGlobalSection
	GlobalSection(SolutionProperties) = preSolution
		HideSolutionNode = FALSE
	EndGlobalSection
	GlobalSection(ExtensibilityGlobals) = postSolution
		SolutionGuid = {873AFEF0-F7C3-448B-9D15-9FDCFFAFCF2D}
	EndGlobalSection
EndGlobal
